// !$*UTF8*$!
{
	archiveVersion = 1;
	classes = {
	};
	objectVersion = 46;
	objects = {

/* Begin PBXBuildFile section */
		9FB1186C1D45B5A60084D588 /* main.m in Sources */ = {isa = PBXBuildFile; fileRef = 9FB1186B1D45B5A60084D588 /* main.m */; };
		9FB1186F1D45B5A60084D588 /* AppDelegate.m in Sources */ = {isa = PBXBuildFile; fileRef = 9FB1186E1D45B5A60084D588 /* AppDelegate.m */; };
		9FB118721D45B5A60084D588 /* ViewController.m in Sources */ = {isa = PBXBuildFile; fileRef = 9FB118711D45B5A60084D588 /* ViewController.m */; };
		9FB118751D45B5A60084D588 /* Main.storyboard in Resources */ = {isa = PBXBuildFile; fileRef = 9FB118731D45B5A60084D588 /* Main.storyboard */; };
		9FB118771D45B5A60084D588 /* Assets.xcassets in Resources */ = {isa = PBXBuildFile; fileRef = 9FB118761D45B5A60084D588 /* Assets.xcassets */; };
		9FB1187A1D45B5A60084D588 /* LaunchScreen.storyboard in Resources */ = {isa = PBXBuildFile; fileRef = 9FB118781D45B5A60084D588 /* LaunchScreen.storyboard */; };
/* End PBXBuildFile section */

/* Begin PBXFileReference section */
		9FB118671D45B5A60084D588 /* Douban_1.app */ = {isa = PBXFileReference; explicitFileType = wrapper.application; includeInIndex = 0; path = Douban_1.app; sourceTree = BUILT_PRODUCTS_DIR; };
		9FB1186B1D45B5A60084D588 /* main.m */ = {isa = PBXFileReference; lastKnownFileType = sourcecode.c.objc; path = main.m; sourceTree = "<group>"; };
		9FB1186D1D45B5A60084D588 /* AppDelegate.h */ = {isa = PBXFileReference; lastKnownFileType = sourcecode.c.h; path = AppDelegate.h; sourceTree = "<group>"; };
		9FB1186E1D45B5A60084D588 /* AppDelegate.m */ = {isa = PBXFileReference; lastKnownFileType = sourcecode.c.objc; path = AppDelegate.m; sourceTree = "<group>"; };
		9FB118701D45B5A60084D588 /* ViewController.h */ = {isa = PBXFileReference; lastKnownFileType = sourcecode.c.h; path = ViewController.h; sourceTree = "<group>"; };
		9FB118711D45B5A60084D588 /* ViewController.m */ = {isa = PBXFileReference; lastKnownFileType = sourcecode.c.objc; path = ViewController.m; sourceTree = "<group>"; };
		9FB118741D45B5A60084D588 /* Base */ = {isa = PBXFileReference; lastKnownFileType = file.storyboard; name = Base; path = Base.lproj/Main.storyboard; sourceTree = "<group>"; };
		9FB118761D45B5A60084D588 /* Assets.xcassets */ = {isa = PBXFileReference; lastKnownFileType = folder.assetcatalog; path = Assets.xcassets; sourceTree = "<group>"; };
		9FB118791D45B5A60084D588 /* Base */ = {isa = PBXFileReference; lastKnownFileType = file.storyboard; name = Base; path = Base.lproj/LaunchScreen.storyboard; sourceTree = "<group>"; };
		9FB1187B1D45B5A60084D588 /* Info.plist */ = {isa = PBXFileReference; lastKnownFileType = text.plist.xml; path = Info.plist; sourceTree = "<group>"; };
/* End PBXFileReference section */

/* Begin PBXFrameworksBuildPhase section */
		9FB118641D45B5A60084D588 /* Frameworks */ = {
			isa = PBXFrameworksBuildPhase;
			buildActionMask = 2147483647;
			files = (
			);
			runOnlyForDeploymentPostprocessing = 0;
		};
/* End PBXFrameworksBuildPhase section */

/* Begin PBXGroup section */
		9FB1185E1D45B5A60084D588 = {
			isa = PBXGroup;
			children = (
				9FB118691D45B5A60084D588 /* Douban_1 */,
				9FB118681D45B5A60084D588 /* Products */,
			);
			sourceTree = "<group>";
		};
		9FB118681D45B5A60084D588 /* Products */ = {
			isa = PBXGroup;
			children = (
				9FB118671D45B5A60084D588 /* Douban_1.app */,
			);
			name = Products;
			sourceTree = "<group>";
		};
		9FB118691D45B5A60084D588 /* Douban_1 */ = {
			isa = PBXGroup;
			children = (
				9FB1186D1D45B5A60084D588 /* AppDelegate.h */,
				9FB1186E1D45B5A60084D588 /* AppDelegate.m */,
				9FB118701D45B5A60084D588 /* ViewController.h */,
				9FB118711D45B5A60084D588 /* ViewController.m */,
				9FB118731D45B5A60084D588 /* Main.storyboard */,
				9FB118761D45B5A60084D588 /* Assets.xcassets */,
				9FB118781D45B5A60084D588 /* LaunchScreen.storyboard */,
				9FB1187B1D45B5A60084D588 /* Info.plist */,
				9FB1186A1D45B5A60084D588 /* Supporting Files */,
			);
			path = Douban_1;
			sourceTree = "<group>";
		};
		9FB1186A1D45B5A60084D588 /* Supporting Files */ = {
			isa = PBXGroup;
			children = (
				9FB1186B1D45B5A60084D588 /* main.m */,
			);
			name = "Supporting Files";
			sourceTree = "<group>";
		};
/* End PBXGroup section */

/* Begin PBXNativeTarget section */
		9FB118661D45B5A60084D588 /* Douban_1 */ = {
			isa = PBXNativeTarget;
			buildConfigurationList = 9FB1187E1D45B5A60084D588 /* Build configuration list for PBXNativeTarget "Douban_1" */;
			buildPhases = (
				9FB118631D45B5A60084D588 /* Sources */,
				9FB118641D45B5A60084D588 /* Frameworks */,
				9FB118651D45B5A60084D588 /* Resources */,
			);
			buildRules = (
			);
			dependencies = (
			);
			name = Douban_1;
			productName = Douban_1;
			productReference = 9FB118671D45B5A60084D588 /* Douban_1.app */;
			productType = "com.apple.product-type.application";
		};
/* End PBXNativeTarget section */

/* Begin PBXProject section */
		9FB1185F1D45B5A60084D588 /* Project object */ = {
			isa = PBXProject;
			attributes = {
				LastUpgradeCheck = 0730;
				ORGANIZATIONNAME = allen;
				TargetAttributes = {
					9FB118661D45B5A60084D588 = {
						CreatedOnToolsVersion = 7.3.1;
					};
				};
			};
			buildConfigurationList = 9FB118621D45B5A60084D588 /* Build configuration list for PBXProject "Douban_1" */;
			compatibilityVersion = "Xcode 3.2";
			developmentRegion = English;
			hasScannedForEncodings = 0;
			knownRegions = (
				en,
				Base,
			);
			mainGroup = 9FB1185E1D45B5A60084D588;
			productRefGroup = 9FB118681D45B5A60084D588 /* Products */;
			projectDirPath = "";
			projectRoot = "";
			targets = (
				9FB118661D45B5A60084D588 /* Douban_1 */,
			);
		};
/* End PBXProject section */

/* Begin PBXResourcesBuildPhase section */
		9FB118651D45B5A60084D588 /* Resources */ = {
			isa = PBXResourcesBuildPhase;
			buildActionMask = 2147483647;
			files = (
				9FB1187A1D45B5A60084D588 /* LaunchScreen.storyboard in Resources */,
				9FB118771D45B5A60084D588 /* Assets.xcassets in Resources */,
				9FB118751D45B5A60084D588 /* Main.storyboard in Resources */,
			);
			runOnlyForDeploymentPostprocessing = 0;
		};
/* End PBXResourcesBuildPhase section */

/* Begin PBXSourcesBuildPhase section */
		9FB118631D45B5A60084D588 /* Sources */ = {
			isa = PBXSourcesBuildPhase;
			buildActionMask = 2147483647;
			files = (
				9FB118721D45B5A60084D588 /* ViewController.m in Sources */,
				9FB1186F1D45B5A60084D588 /* AppDelegate.m in Sources */,
				9FB1186C1D45B5A60084D588 /* main.m in Sources */,
			);
			runOnlyForDeploymentPostprocessing = 0;
		};
/* End PBXSourcesBuildPhase section */

/* Begin PBXVariantGroup section */
		9FB118731D45B5A60084D588 /* Main.storyboard */ = {
			isa = PBXVariantGroup;
			children = (
				9FB118741D45B5A60084D588 /* Base */,
			);
			name = Main.storyboard;
			sourceTree = "<group>";
		};
		9FB118781D45B5A60084D588 /* LaunchScreen.storyboard */ = {
			isa = PBXVariantGroup;
			children = (
				9FB118791D45B5A60084D588 /* Base */,
			);
			name = LaunchScreen.storyboard;
			sourceTree = "<group>";
		};
/* End PBXVariantGroup section */

/* Begin XCBuildConfiguration section */
		9FB1187C1D45B5A60084D588 /* Debug */ = {
			isa = XCBuildConfiguration;
			buildSettings = {
				ALWAYS_SEARCH_USER_PATHS = NO;
				CLANG_ANALYZER_NONNULL = YES;
				CLANG_CXX_LANGUAGE_STANDARD = "gnu++0x";
				CLANG_CXX_LIBRARY = "libc++";
				CLANG_ENABLE_MODULES = YES;
				CLANG_ENABLE_OBJC_ARC = YES;
				CLANG_WARN_BOOL_CONVERSION = YES;
				CLANG_WARN_CONSTANT_CONVERSION = YES;
				CLANG_WARN_DIRECT_OBJC_ISA_USAGE = YES_ERROR;
				CLANG_WARN_EMPTY_BODY = YES;
				CLANG_WARN_ENUM_CONVERSION = YES;
				CLANG_WARN_INT_CONVERSION = YES;
				CLANG_WARN_OBJC_ROOT_CLASS = YES_ERROR;
				CLANG_WARN_UNREACHABLE_CODE = YES;
				CLANG_WARN__DUPLICATE_METHOD_MATCH = YES;
				"CODE_SIGN_IDENTITY[sdk=iphoneos*]" = "iPhone Developer";
				COPY_PHASE_STRIP = NO;
				DEBUG_INFORMATION_FORMAT = dwarf;
				ENABLE_STRICT_OBJC_MSGSEND = YES;
				ENABLE_TESTABILITY = YES;
				GCC_C_LANGUAGE_STANDARD = gnu99;
				GCC_DYNAMIC_NO_PIC = NO;
				GCC_NO_COMMON_BLOCKS = YES;
				GCC_OPTIMIZATION_LEVEL = 0;
				GCC_PREPROCESSOR_DEFINITIONS = (
					"DEBUG=1",
					"$(inherited)",
				);
				GCC_WARN_64_TO_32_BIT_CONVERSION = YES;
				GCC_WARN_ABOUT_RETURN_TYPE = YES_ERROR;
				GCC_WARN_UNDECLARED_SELECTOR = YES;
				GCC_WARN_UNINITIALIZED_AUTOS = YES_AGGRESSIVE;
				GCC_WARN_UNUSED_FUNCTION = YES;
				GCC_WARN_UNUSED_VARIABLE = YES;
				IPHONEOS_DEPLOYMENT_TARGET = 9.3;
				MTL_ENABLE_DEBUG_INFO = YES;
				ONLY_ACTIVE_ARCH = YES;
				SDKROOT = iphoneos;
				TARGETED_DEVICE_FAMILY = "1,2";
			};
			name = Debug;
		};
		9FB1187D1D45B5A60084D588 /* Release */ = {
			isa = XCBuildConfiguration;
			buildSettings = {
				ALWAYS_SEARCH_USER_PATHS = NO;
				CLANG_ANALYZER_NONNULL = YES;
				CLANG_CXX_LANGUAGE_STANDARD = "gnu++0x";
				CLANG_CXX_LIBRARY = "libc++";
				CLANG_ENABLE_MODULES = YES;
				CLANG_ENABLE_OBJC_ARC = YES;
				CLANG_WARN_BOOL_CONVERSION = YES;
				CLANG_WARN_CONSTANT_CONVERSION = YES;
				CLANG_WARN_DIRECT_OBJC_ISA_USAGE = YES_ERROR;
				CLANG_WARN_EMPTY_BODY = YES;
				CLANG_WARN_ENUM_CONVERSION = YES;
				CLANG_WARN_INT_CONVERSION = YES;
				CLANG_WARN_OBJC_ROOT_CLASS = YES_ERROR;
				CLANG_WARN_UNREACHABLE_CODE = YES;
				CLANG_WARN__DUPLICATE_METHOD_MATCH = YES;
				"CODE_SIGN_IDENTITY[sdk=iphoneos*]" = "iPhone Developer";
				COPY_PHASE_STRIP = NO;
				DEBUG_INFORMATION_FORMAT = "dwarf-with-dsym";
				ENABLE_NS_ASSERTIONS = NO;
				ENABLE_STRICT_OBJC_MSGSEND = YES;
				GCC_C_LANGUAGE_STANDARD = gnu99;
				GCC_NO_COMMON_BLOCKS = YES;
				GCC_WARN_64_TO_32_BIT_CONVERSION = YES;
				GCC_WARN_ABOUT_RETURN_TYPE = YES_ERROR;
				GCC_WARN_UNDECLARED_SELECTOR = YES;
				GCC_WARN_UNINITIALIZED_AUTOS = YES_AGGRESSIVE;
				GCC_WARN_UNUSED_FUNCTION = YES;
				GCC_WARN_UNUSED_VARIABLE = YES;
				IPHONEOS_DEPLOYMENT_TARGET = 9.3;
				MTL_ENABLE_DEBUG_INFO = NO;
				SDKROOT = iphoneos;
				TARGETED_DEVICE_FAMILY = "1,2";
				VALIDATE_PRODUCT = YES;
			};
			name = Release;
		};
		9FB1187F1D45B5A60084D588 /* Debug */ = {
			isa = XCBuildConfiguration;
			buildSettings = {
				ASSETCATALOG_COMPILER_APPICON_NAME = AppIcon;
				INFOPLIST_FILE = Douban_1/Info.plist;
				LD_RUNPATH_SEARCH_PATHS = "$(inherited) @executable_path/Frameworks";
				PRODUCT_BUNDLE_IDENTIFIER = "---.Douban-1";
				PRODUCT_NAME = "$(TARGET_NAME)";
			};
			name = Debug;
		};
		9FB118801D45B5A60084D588 /* Release */ = {
			isa = XCBuildConfiguration;
			buildSettings = {
				ASSETCATALOG_COMPILER_APPICON_NAME = AppIcon;
				INFOPLIST_FILE = Douban_1/Info.plist;
				LD_RUNPATH_SEARCH_PATHS = "$(inherited) @executable_path/Frameworks";
				PRODUCT_BUNDLE_IDENTIFIER = "---.Douban-1";
				PRODUCT_NAME = "$(TARGET_NAME)";
			};
			name = Release;
		};
/* End XCBuildConfiguration section */

/* Begin XCConfigurationList section */
		9FB118621D45B5A60084D588 /* Build configuration list for PBXProject "Douban_1" */ = {
			isa = XCConfigurationList;
			buildConfigurations = (
				9FB1187C1D45B5A60084D588 /* Debug */,
				9FB1187D1D45B5A60084D588 /* Release */,
			);
			defaultConfigurationIsVisible = 0;
			defaultConfigurationName = Release;
		};
		9FB1187E1D45B5A60084D588 /* Build configuration list for PBXNativeTarget "Douban_1" */ = {
			isa = XCConfigurationList;
			buildConfigurations = (
				9FB1187F1D45B5A60084D588 /* Debug */,
				9FB118801D45B5A60084D588 /* Release */,
			);
			defaultConfigurationIsVisible = 0;
		};
/* End XCConfigurationList section */
	};
	rootObject = 9FB1185F1D45B5A60084D588 /* Project object */;
}
